
Microsoft Visual Studio Solution File, Format Version 12.00
Project("{FAE04EC0-301F-11D3-BF4B-00C04F79EFBC}") = "GuardsService", "Utils\GuardsService\GuardsService.csproj", "{978364A7-3006-425B-94A6-A8C28F7E128D}"
EndProject
Project("{FAE04EC0-301F-11D3-BF4B-00C04F79EFBC}") = "GuardsService.Interfaces", "Utils\GuardsService.Interfaces\GuardsService.Interfaces.csproj", "{13DEA1B7-D9B1-4038-8186-784F5DACC178}"
EndProject
Project("{FAE04EC0-301F-11D3-BF4B-00C04F79EFBC}") = "GuardsService.Exceptions", "Utils\GuardsService.Exceptions\GuardsService.Exceptions.csproj", "{D14C887E-600F-40A7-B52D-3E27ECEC8E1A}"
EndProject
Project("{FAE04EC0-301F-11D3-BF4B-00C04F79EFBC}") = "Guards", "Utils\Guards\Guards.csproj", "{758ACA69-44F6-4FD9-80B1-C6EE25C1FFF3}"
EndProject
Project("{2150E333-8FDC-42A3-9474-1A3956D46DE8}") = "Utils", "Utils", "{5F3DD32E-FCDC-4E94-9ABE-532AA48E709E}"
EndProject
Project("{2150E333-8FDC-42A3-9474-1A3956D46DE8}") = "Host", "Host", "{ADE4172D-A13F-4258-A3EA-DCABD8B45BE2}"
EndProject
Project("{FAE04EC0-301F-11D3-BF4B-00C04F79EFBC}") = "RestApi", "Host\RestApi\RestApi.csproj", "{0CEFD0BD-4686-40FF-884E-D03B827D1551}"
EndProject
Project("{2150E333-8FDC-42A3-9474-1A3956D46DE8}") = "Client", "Client", "{3AAA8284-967B-45C7-B6DE-10D08E00ABA3}"
EndProject
Project("{FAE04EC0-301F-11D3-BF4B-00C04F79EFBC}") = "Tests.Unit", "Client\Sdk.Core\Tests.Unit\Tests.Unit.csproj", "{19385AAE-8819-409F-81E9-CB12CBF2B04D}"
EndProject
Project("{FAE04EC0-301F-11D3-BF4B-00C04F79EFBC}") = "Tests.Int", "Client\Sdk.Core\Tests.Int\Tests.Int.csproj", "{D67DB233-BDB4-4E8C-A316-FE85C76E6D21}"
EndProject
Project("{FAE04EC0-301F-11D3-BF4B-00C04F79EFBC}") = "Model.Interfaces", "Client\Sdk.Core\Model.Interfaces\Model.Interfaces.csproj", "{1BE8D178-0538-4AA2-87FD-64E7FA804CD9}"
EndProject
Project("{FAE04EC0-301F-11D3-BF4B-00C04F79EFBC}") = "Core.Interfaces", "Client\Sdk.Core\Core.Interfaces\Core.Interfaces.csproj", "{49673FD2-908B-46BC-B5CC-6079462C0674}"
EndProject
Project("{FAE04EC0-301F-11D3-BF4B-00C04F79EFBC}") = "Core.Implementation", "Client\Sdk.Core\Core.Implementation\Core.Implementation.csproj", "{A79A1C7E-7EE2-4A03-8B43-BA717C530555}"
EndProject
Project("{2150E333-8FDC-42A3-9474-1A3956D46DE8}") = "Services", "Services", "{54E27B29-5607-4517-8B47-F2BE594C06D8}"
EndProject
Project("{2150E333-8FDC-42A3-9474-1A3956D46DE8}") = "Document", "Document", "{27E5550B-B732-4278-9D5F-12807AFB8574}"
EndProject
Project("{FAE04EC0-301F-11D3-BF4B-00C04F79EFBC}") = "ValidatorService", "Services\Document\ValidatorService\ValidatorService.csproj", "{231D86EB-3FBA-4921-83B2-17C91D1C0DD0}"
EndProject
Project("{FAE04EC0-301F-11D3-BF4B-00C04F79EFBC}") = "SourceFormatsService", "Services\Document\SourceFormatsService\SourceFormatsService.csproj", "{264A16D7-0A3C-4441-BF59-778B0674FD55}"
EndProject
Project("{FAE04EC0-301F-11D3-BF4B-00C04F79EFBC}") = "SourceFormatsService.Unit.Tests", "Services\Document\SourceFormatsService.Unit.Tests\SourceFormatsService.Unit.Tests.csproj", "{C2AAE03B-0699-49DB-9047-900C59A2DE05}"
EndProject
Project("{FAE04EC0-301F-11D3-BF4B-00C04F79EFBC}") = "SourceFormatsService.Interfaces", "Services\Document\SourceFormatsService.Interfaces\SourceFormatsService.Interfaces.csproj", "{5DAA48AB-9129-447A-A183-24ECE9089682}"
EndProject
Project("{FAE04EC0-301F-11D3-BF4B-00C04F79EFBC}") = "SourceFormatsService.Int.Tests", "Services\Document\SourceFormatsService.Int.Tests\SourceFormatsService.Int.Tests.csproj", "{27C17834-308C-4DAD-B3B8-F011B798DBFD}"
EndProject
Project("{FAE04EC0-301F-11D3-BF4B-00C04F79EFBC}") = "SourceFormatsService.Exceptions", "Services\Document\SourceFormatsService.Exceptions\SourceFormatsService.Exceptions.csproj", "{E0B6736E-73F3-4E66-96B2-E3B76E25ADE7}"
EndProject
Project("{FAE04EC0-301F-11D3-BF4B-00C04F79EFBC}") = "SourceFormatsService.ExceptionFilters", "Services\Document\SourceFormatsService.ExceptionFilters\SourceFormatsService.ExceptionFilters.csproj", "{351FC96C-264A-4B4E-89F4-9CC6B5E47697}"
EndProject
Project("{FAE04EC0-301F-11D3-BF4B-00C04F79EFBC}") = "SourceFormatsRepository", "Services\Document\SourceFormatsRepository\SourceFormatsRepository.csproj", "{6DEBA008-7BB7-4C27-AFDA-2159EB110C56}"
EndProject
Project("{FAE04EC0-301F-11D3-BF4B-00C04F79EFBC}") = "SourceFormatsRepository.Unit.Tests", "Services\Document\SourceFormatsRepository.Unit.Tests\SourceFormatsRepository.Unit.Tests.csproj", "{47F8B777-12DA-4B0A-BD41-B7C92258ACBF}"
EndProject
Project("{FAE04EC0-301F-11D3-BF4B-00C04F79EFBC}") = "SourceFormatsRepository.Interfaces", "Services\Document\SourceFormatsRepository.Interfaces\SourceFormatsRepository.Interfaces.csproj", "{BB7D8C4A-BEC7-453C-8FBA-722366361048}"
EndProject
Project("{FAE04EC0-301F-11D3-BF4B-00C04F79EFBC}") = "SourceFormatsRepository.Int.Tests", "Services\Document\SourceFormatsRepository.Int.Tests\SourceFormatsRepository.Int.Tests.csproj", "{1EE185C9-DD37-4F7C-9037-F43701EB6C1D}"
EndProject
Project("{FAE04EC0-301F-11D3-BF4B-00C04F79EFBC}") = "SourceFormatsReposiory.Exceptions", "Services\Document\SourceFormatsReposiory.Exceptions\SourceFormatsReposiory.Exceptions.csproj", "{BDDCC724-C76D-4F36-A101-79814CCEA02E}"
EndProject
Project("{FAE04EC0-301F-11D3-BF4B-00C04F79EFBC}") = "Sdk", "Services\Document\Sdk\Sdk.csproj", "{51430419-B2CE-42E9-B7F3-FD8D51CCFE43}"
EndProject
Project("{FAE04EC0-301F-11D3-BF4B-00C04F79EFBC}") = "Sdk.Unit.Tests", "Services\Document\Sdk.Unit.Tests\Sdk.Unit.Tests.csproj", "{C50204E4-2EB2-44B9-996F-FCB97550294A}"
EndProject
Project("{FAE04EC0-301F-11D3-BF4B-00C04F79EFBC}") = "Sdk.Models", "Services\Document\Sdk.Models\Sdk.Models.csproj", "{76A1560B-3E8A-4AD1-88A6-B5FB9025360D}"
EndProject
Project("{FAE04EC0-301F-11D3-BF4B-00C04F79EFBC}") = "Sdk.Models.Unit.Tests", "Services\Document\Sdk.Models.Unit.Tests\Sdk.Models.Unit.Tests.csproj", "{8F3CC52E-039A-414B-8C74-4C393CF4E8AF}"
EndProject
Project("{FAE04EC0-301F-11D3-BF4B-00C04F79EFBC}") = "Sdk.Interfaces", "Services\Document\Sdk.Interfaces\Sdk.Interfaces.csproj", "{837D97E1-FC67-4136-97A5-EB95A280BCA7}"
EndProject
Project("{FAE04EC0-301F-11D3-BF4B-00C04F79EFBC}") = "Sdk.Int.Tests", "Services\Document\Sdk.Int.Tests\Sdk.Int.Tests.csproj", "{30704DA0-9A37-4D6B-BEA5-2CFED0CF3C98}"
EndProject
Project("{FAE04EC0-301F-11D3-BF4B-00C04F79EFBC}") = "Sdk.Exceptions", "Services\Document\Sdk.Exceptions\Sdk.Exceptions.csproj", "{64154544-C78E-40A4-B88B-D4C21644F371}"
EndProject
Project("{FAE04EC0-301F-11D3-BF4B-00C04F79EFBC}") = "QA.Datasets", "Services\Document\QA.Datasets\QA.Datasets.csproj", "{59407E66-AD53-4EB0-BC07-564691AAF81C}"
EndProject
Project("{FAE04EC0-301F-11D3-BF4B-00C04F79EFBC}") = "Mappers", "Services\Document\Mappers\Mappers.csproj", "{0D3B9EC9-6959-4574-A554-431A62B80D70}"
EndProject
Project("{FAE04EC0-301F-11D3-BF4B-00C04F79EFBC}") = "Mappers.Unit.Tests", "Services\Document\Mappers.Unit.Tests\Mappers.Unit.Tests.csproj", "{6816260B-FF5A-4FB4-AA40-A5FCAC1B5B68}"
EndProject
Project("{FAE04EC0-301F-11D3-BF4B-00C04F79EFBC}") = "Mappers.Interfaces", "Services\Document\Mappers.Interfaces\Mappers.Interfaces.csproj", "{B1683BCE-5D4C-409B-B936-05C5163C18E6}"
EndProject
Project("{FAE04EC0-301F-11D3-BF4B-00C04F79EFBC}") = "Entities", "Services\Document\Entities\Entities.csproj", "{E03C2DA3-414D-4842-9B8F-081A2DABFB3A}"
EndProject
Project("{FAE04EC0-301F-11D3-BF4B-00C04F79EFBC}") = "Entities.Unit.Tests", "Services\Document\Entities.Unit.Tests\Entities.Unit.Tests.csproj", "{AA1FC87A-7E2B-4B68-AF3B-5F076C30F9E0}"
EndProject
Project("{FAE04EC0-301F-11D3-BF4B-00C04F79EFBC}") = "E2E", "Services\Document\E2E\E2E.csproj", "{C5D98120-FF29-46FE-8022-EC99D07B56BE}"
EndProject
Project("{FAE04EC0-301F-11D3-BF4B-00C04F79EFBC}") = "Dtos", "Services\Document\Dtos\Dtos.csproj", "{706C67B7-59C0-47E5-BEA0-402ED6E7D09C}"
EndProject
Project("{FAE04EC0-301F-11D3-BF4B-00C04F79EFBC}") = "Dtos.Unit.Tests", "Services\Document\Dtos.Unit.Tests\Dtos.Unit.Tests.csproj", "{633F13F9-0AA8-4E7C-9958-33A2CD09C52E}"
EndProject
Project("{FAE04EC0-301F-11D3-BF4B-00C04F79EFBC}") = "Ctx", "Services\Document\Ctx\Ctx.csproj", "{2E43868F-C1DD-49B4-AAED-56D47A99EA6C}"
EndProject
Project("{FAE04EC0-301F-11D3-BF4B-00C04F79EFBC}") = "Controllers", "Services\Document\Controllers\Controllers.csproj", "{106376D5-F838-4671-9765-F5395CBD8B81}"
EndProject
Project("{FAE04EC0-301F-11D3-BF4B-00C04F79EFBC}") = "Controllers.ViewModels", "Services\Document\Controllers.ViewModels\Controllers.ViewModels.csproj", "{B4CF93F0-EE24-4175-BD3D-810C97154B77}"
EndProject
Project("{FAE04EC0-301F-11D3-BF4B-00C04F79EFBC}") = "Api", "Services\Document\Api\Api.csproj", "{5386AE7D-CD2B-437E-8344-C4AEC21917F6}"
EndProject
Global
	GlobalSection(SolutionConfigurationPlatforms) = preSolution
		Debug|Any CPU = Debug|Any CPU
		Release|Any CPU = Release|Any CPU
	EndGlobalSection
	GlobalSection(ProjectConfigurationPlatforms) = postSolution
		{978364A7-3006-425B-94A6-A8C28F7E128D}.Debug|Any CPU.ActiveCfg = Debug|Any CPU
		{978364A7-3006-425B-94A6-A8C28F7E128D}.Debug|Any CPU.Build.0 = Debug|Any CPU
		{978364A7-3006-425B-94A6-A8C28F7E128D}.Release|Any CPU.ActiveCfg = Release|Any CPU
		{978364A7-3006-425B-94A6-A8C28F7E128D}.Release|Any CPU.Build.0 = Release|Any CPU
		{13DEA1B7-D9B1-4038-8186-784F5DACC178}.Debug|Any CPU.ActiveCfg = Debug|Any CPU
		{13DEA1B7-D9B1-4038-8186-784F5DACC178}.Debug|Any CPU.Build.0 = Debug|Any CPU
		{13DEA1B7-D9B1-4038-8186-784F5DACC178}.Release|Any CPU.ActiveCfg = Release|Any CPU
		{13DEA1B7-D9B1-4038-8186-784F5DACC178}.Release|Any CPU.Build.0 = Release|Any CPU
		{D14C887E-600F-40A7-B52D-3E27ECEC8E1A}.Debug|Any CPU.ActiveCfg = Debug|Any CPU
		{D14C887E-600F-40A7-B52D-3E27ECEC8E1A}.Debug|Any CPU.Build.0 = Debug|Any CPU
		{D14C887E-600F-40A7-B52D-3E27ECEC8E1A}.Release|Any CPU.ActiveCfg = Release|Any CPU
		{D14C887E-600F-40A7-B52D-3E27ECEC8E1A}.Release|Any CPU.Build.0 = Release|Any CPU
		{758ACA69-44F6-4FD9-80B1-C6EE25C1FFF3}.Debug|Any CPU.ActiveCfg = Debug|Any CPU
		{758ACA69-44F6-4FD9-80B1-C6EE25C1FFF3}.Debug|Any CPU.Build.0 = Debug|Any CPU
		{758ACA69-44F6-4FD9-80B1-C6EE25C1FFF3}.Release|Any CPU.ActiveCfg = Release|Any CPU
		{758ACA69-44F6-4FD9-80B1-C6EE25C1FFF3}.Release|Any CPU.Build.0 = Release|Any CPU
		{0CEFD0BD-4686-40FF-884E-D03B827D1551}.Debug|Any CPU.ActiveCfg = Debug|Any CPU
		{0CEFD0BD-4686-40FF-884E-D03B827D1551}.Debug|Any CPU.Build.0 = Debug|Any CPU
		{0CEFD0BD-4686-40FF-884E-D03B827D1551}.Release|Any CPU.ActiveCfg = Release|Any CPU
		{0CEFD0BD-4686-40FF-884E-D03B827D1551}.Release|Any CPU.Build.0 = Release|Any CPU
		{19385AAE-8819-409F-81E9-CB12CBF2B04D}.Debug|Any CPU.ActiveCfg = Debug|Any CPU
		{19385AAE-8819-409F-81E9-CB12CBF2B04D}.Debug|Any CPU.Build.0 = Debug|Any CPU
		{19385AAE-8819-409F-81E9-CB12CBF2B04D}.Release|Any CPU.ActiveCfg = Release|Any CPU
		{19385AAE-8819-409F-81E9-CB12CBF2B04D}.Release|Any CPU.Build.0 = Release|Any CPU
		{D67DB233-BDB4-4E8C-A316-FE85C76E6D21}.Debug|Any CPU.ActiveCfg = Debug|Any CPU
		{D67DB233-BDB4-4E8C-A316-FE85C76E6D21}.Debug|Any CPU.Build.0 = Debug|Any CPU
		{D67DB233-BDB4-4E8C-A316-FE85C76E6D21}.Release|Any CPU.ActiveCfg = Release|Any CPU
		{D67DB233-BDB4-4E8C-A316-FE85C76E6D21}.Release|Any CPU.Build.0 = Release|Any CPU
		{1BE8D178-0538-4AA2-87FD-64E7FA804CD9}.Debug|Any CPU.ActiveCfg = Debug|Any CPU
		{1BE8D178-0538-4AA2-87FD-64E7FA804CD9}.Debug|Any CPU.Build.0 = Debug|Any CPU
		{1BE8D178-0538-4AA2-87FD-64E7FA804CD9}.Release|Any CPU.ActiveCfg = Release|Any CPU
		{1BE8D178-0538-4AA2-87FD-64E7FA804CD9}.Release|Any CPU.Build.0 = Release|Any CPU
		{49673FD2-908B-46BC-B5CC-6079462C0674}.Debug|Any CPU.ActiveCfg = Debug|Any CPU
		{49673FD2-908B-46BC-B5CC-6079462C0674}.Debug|Any CPU.Build.0 = Debug|Any CPU
		{49673FD2-908B-46BC-B5CC-6079462C0674}.Release|Any CPU.ActiveCfg = Release|Any CPU
		{49673FD2-908B-46BC-B5CC-6079462C0674}.Release|Any CPU.Build.0 = Release|Any CPU
		{A79A1C7E-7EE2-4A03-8B43-BA717C530555}.Debug|Any CPU.ActiveCfg = Debug|Any CPU
		{A79A1C7E-7EE2-4A03-8B43-BA717C530555}.Debug|Any CPU.Build.0 = Debug|Any CPU
		{A79A1C7E-7EE2-4A03-8B43-BA717C530555}.Release|Any CPU.ActiveCfg = Release|Any CPU
		{A79A1C7E-7EE2-4A03-8B43-BA717C530555}.Release|Any CPU.Build.0 = Release|Any CPU
		{231D86EB-3FBA-4921-83B2-17C91D1C0DD0}.Debug|Any CPU.ActiveCfg = Debug|Any CPU
		{231D86EB-3FBA-4921-83B2-17C91D1C0DD0}.Debug|Any CPU.Build.0 = Debug|Any CPU
		{231D86EB-3FBA-4921-83B2-17C91D1C0DD0}.Release|Any CPU.ActiveCfg = Release|Any CPU
		{231D86EB-3FBA-4921-83B2-17C91D1C0DD0}.Release|Any CPU.Build.0 = Release|Any CPU
		{264A16D7-0A3C-4441-BF59-778B0674FD55}.Debug|Any CPU.ActiveCfg = Debug|Any CPU
		{264A16D7-0A3C-4441-BF59-778B0674FD55}.Debug|Any CPU.Build.0 = Debug|Any CPU
		{264A16D7-0A3C-4441-BF59-778B0674FD55}.Release|Any CPU.ActiveCfg = Release|Any CPU
		{264A16D7-0A3C-4441-BF59-778B0674FD55}.Release|Any CPU.Build.0 = Release|Any CPU
		{C2AAE03B-0699-49DB-9047-900C59A2DE05}.Debug|Any CPU.ActiveCfg = Debug|Any CPU
		{C2AAE03B-0699-49DB-9047-900C59A2DE05}.Debug|Any CPU.Build.0 = Debug|Any CPU
		{C2AAE03B-0699-49DB-9047-900C59A2DE05}.Release|Any CPU.ActiveCfg = Release|Any CPU
		{C2AAE03B-0699-49DB-9047-900C59A2DE05}.Release|Any CPU.Build.0 = Release|Any CPU
		{5DAA48AB-9129-447A-A183-24ECE9089682}.Debug|Any CPU.ActiveCfg = Debug|Any CPU
		{5DAA48AB-9129-447A-A183-24ECE9089682}.Debug|Any CPU.Build.0 = Debug|Any CPU
		{5DAA48AB-9129-447A-A183-24ECE9089682}.Release|Any CPU.ActiveCfg = Release|Any CPU
		{5DAA48AB-9129-447A-A183-24ECE9089682}.Release|Any CPU.Build.0 = Release|Any CPU
		{27C17834-308C-4DAD-B3B8-F011B798DBFD}.Debug|Any CPU.ActiveCfg = Debug|Any CPU
		{27C17834-308C-4DAD-B3B8-F011B798DBFD}.Debug|Any CPU.Build.0 = Debug|Any CPU
		{27C17834-308C-4DAD-B3B8-F011B798DBFD}.Release|Any CPU.ActiveCfg = Release|Any CPU
		{27C17834-308C-4DAD-B3B8-F011B798DBFD}.Release|Any CPU.Build.0 = Release|Any CPU
		{E0B6736E-73F3-4E66-96B2-E3B76E25ADE7}.Debug|Any CPU.ActiveCfg = Debug|Any CPU
		{E0B6736E-73F3-4E66-96B2-E3B76E25ADE7}.Debug|Any CPU.Build.0 = Debug|Any CPU
		{E0B6736E-73F3-4E66-96B2-E3B76E25ADE7}.Release|Any CPU.ActiveCfg = Release|Any CPU
		{E0B6736E-73F3-4E66-96B2-E3B76E25ADE7}.Release|Any CPU.Build.0 = Release|Any CPU
		{351FC96C-264A-4B4E-89F4-9CC6B5E47697}.Debug|Any CPU.ActiveCfg = Debug|Any CPU
		{351FC96C-264A-4B4E-89F4-9CC6B5E47697}.Debug|Any CPU.Build.0 = Debug|Any CPU
		{351FC96C-264A-4B4E-89F4-9CC6B5E47697}.Release|Any CPU.ActiveCfg = Release|Any CPU
		{351FC96C-264A-4B4E-89F4-9CC6B5E47697}.Release|Any CPU.Build.0 = Release|Any CPU
		{6DEBA008-7BB7-4C27-AFDA-2159EB110C56}.Debug|Any CPU.ActiveCfg = Debug|Any CPU
		{6DEBA008-7BB7-4C27-AFDA-2159EB110C56}.Debug|Any CPU.Build.0 = Debug|Any CPU
		{6DEBA008-7BB7-4C27-AFDA-2159EB110C56}.Release|Any CPU.ActiveCfg = Release|Any CPU
		{6DEBA008-7BB7-4C27-AFDA-2159EB110C56}.Release|Any CPU.Build.0 = Release|Any CPU
		{47F8B777-12DA-4B0A-BD41-B7C92258ACBF}.Debug|Any CPU.ActiveCfg = Debug|Any CPU
		{47F8B777-12DA-4B0A-BD41-B7C92258ACBF}.Debug|Any CPU.Build.0 = Debug|Any CPU
		{47F8B777-12DA-4B0A-BD41-B7C92258ACBF}.Release|Any CPU.ActiveCfg = Release|Any CPU
		{47F8B777-12DA-4B0A-BD41-B7C92258ACBF}.Release|Any CPU.Build.0 = Release|Any CPU
		{BB7D8C4A-BEC7-453C-8FBA-722366361048}.Debug|Any CPU.ActiveCfg = Debug|Any CPU
		{BB7D8C4A-BEC7-453C-8FBA-722366361048}.Debug|Any CPU.Build.0 = Debug|Any CPU
		{BB7D8C4A-BEC7-453C-8FBA-722366361048}.Release|Any CPU.ActiveCfg = Release|Any CPU
		{BB7D8C4A-BEC7-453C-8FBA-722366361048}.Release|Any CPU.Build.0 = Release|Any CPU
		{1EE185C9-DD37-4F7C-9037-F43701EB6C1D}.Debug|Any CPU.ActiveCfg = Debug|Any CPU
		{1EE185C9-DD37-4F7C-9037-F43701EB6C1D}.Debug|Any CPU.Build.0 = Debug|Any CPU
		{1EE185C9-DD37-4F7C-9037-F43701EB6C1D}.Release|Any CPU.ActiveCfg = Release|Any CPU
		{1EE185C9-DD37-4F7C-9037-F43701EB6C1D}.Release|Any CPU.Build.0 = Release|Any CPU
		{BDDCC724-C76D-4F36-A101-79814CCEA02E}.Debug|Any CPU.ActiveCfg = Debug|Any CPU
		{BDDCC724-C76D-4F36-A101-79814CCEA02E}.Debug|Any CPU.Build.0 = Debug|Any CPU
		{BDDCC724-C76D-4F36-A101-79814CCEA02E}.Release|Any CPU.ActiveCfg = Release|Any CPU
		{BDDCC724-C76D-4F36-A101-79814CCEA02E}.Release|Any CPU.Build.0 = Release|Any CPU
		{51430419-B2CE-42E9-B7F3-FD8D51CCFE43}.Debug|Any CPU.ActiveCfg = Debug|Any CPU
		{51430419-B2CE-42E9-B7F3-FD8D51CCFE43}.Debug|Any CPU.Build.0 = Debug|Any CPU
		{51430419-B2CE-42E9-B7F3-FD8D51CCFE43}.Release|Any CPU.ActiveCfg = Release|Any CPU
		{51430419-B2CE-42E9-B7F3-FD8D51CCFE43}.Release|Any CPU.Build.0 = Release|Any CPU
		{C50204E4-2EB2-44B9-996F-FCB97550294A}.Debug|Any CPU.ActiveCfg = Debug|Any CPU
		{C50204E4-2EB2-44B9-996F-FCB97550294A}.Debug|Any CPU.Build.0 = Debug|Any CPU
		{C50204E4-2EB2-44B9-996F-FCB97550294A}.Release|Any CPU.ActiveCfg = Release|Any CPU
		{C50204E4-2EB2-44B9-996F-FCB97550294A}.Release|Any CPU.Build.0 = Release|Any CPU
		{76A1560B-3E8A-4AD1-88A6-B5FB9025360D}.Debug|Any CPU.ActiveCfg = Debug|Any CPU
		{76A1560B-3E8A-4AD1-88A6-B5FB9025360D}.Debug|Any CPU.Build.0 = Debug|Any CPU
		{76A1560B-3E8A-4AD1-88A6-B5FB9025360D}.Release|Any CPU.ActiveCfg = Release|Any CPU
		{76A1560B-3E8A-4AD1-88A6-B5FB9025360D}.Release|Any CPU.Build.0 = Release|Any CPU
		{8F3CC52E-039A-414B-8C74-4C393CF4E8AF}.Debug|Any CPU.ActiveCfg = Debug|Any CPU
		{8F3CC52E-039A-414B-8C74-4C393CF4E8AF}.Debug|Any CPU.Build.0 = Debug|Any CPU
		{8F3CC52E-039A-414B-8C74-4C393CF4E8AF}.Release|Any CPU.ActiveCfg = Release|Any CPU
		{8F3CC52E-039A-414B-8C74-4C393CF4E8AF}.Release|Any CPU.Build.0 = Release|Any CPU
		{837D97E1-FC67-4136-97A5-EB95A280BCA7}.Debug|Any CPU.ActiveCfg = Debug|Any CPU
		{837D97E1-FC67-4136-97A5-EB95A280BCA7}.Debug|Any CPU.Build.0 = Debug|Any CPU
		{837D97E1-FC67-4136-97A5-EB95A280BCA7}.Release|Any CPU.ActiveCfg = Release|Any CPU
		{837D97E1-FC67-4136-97A5-EB95A280BCA7}.Release|Any CPU.Build.0 = Release|Any CPU
		{30704DA0-9A37-4D6B-BEA5-2CFED0CF3C98}.Debug|Any CPU.ActiveCfg = Debug|Any CPU
		{30704DA0-9A37-4D6B-BEA5-2CFED0CF3C98}.Debug|Any CPU.Build.0 = Debug|Any CPU
		{30704DA0-9A37-4D6B-BEA5-2CFED0CF3C98}.Release|Any CPU.ActiveCfg = Release|Any CPU
		{30704DA0-9A37-4D6B-BEA5-2CFED0CF3C98}.Release|Any CPU.Build.0 = Release|Any CPU
		{64154544-C78E-40A4-B88B-D4C21644F371}.Debug|Any CPU.ActiveCfg = Debug|Any CPU
		{64154544-C78E-40A4-B88B-D4C21644F371}.Debug|Any CPU.Build.0 = Debug|Any CPU
		{64154544-C78E-40A4-B88B-D4C21644F371}.Release|Any CPU.ActiveCfg = Release|Any CPU
		{64154544-C78E-40A4-B88B-D4C21644F371}.Release|Any CPU.Build.0 = Release|Any CPU
		{59407E66-AD53-4EB0-BC07-564691AAF81C}.Debug|Any CPU.ActiveCfg = Debug|Any CPU
		{59407E66-AD53-4EB0-BC07-564691AAF81C}.Debug|Any CPU.Build.0 = Debug|Any CPU
		{59407E66-AD53-4EB0-BC07-564691AAF81C}.Release|Any CPU.ActiveCfg = Release|Any CPU
		{59407E66-AD53-4EB0-BC07-564691AAF81C}.Release|Any CPU.Build.0 = Release|Any CPU
		{0D3B9EC9-6959-4574-A554-431A62B80D70}.Debug|Any CPU.ActiveCfg = Debug|Any CPU
		{0D3B9EC9-6959-4574-A554-431A62B80D70}.Debug|Any CPU.Build.0 = Debug|Any CPU
		{0D3B9EC9-6959-4574-A554-431A62B80D70}.Release|Any CPU.ActiveCfg = Release|Any CPU
		{0D3B9EC9-6959-4574-A554-431A62B80D70}.Release|Any CPU.Build.0 = Release|Any CPU
		{6816260B-FF5A-4FB4-AA40-A5FCAC1B5B68}.Debug|Any CPU.ActiveCfg = Debug|Any CPU
		{6816260B-FF5A-4FB4-AA40-A5FCAC1B5B68}.Debug|Any CPU.Build.0 = Debug|Any CPU
		{6816260B-FF5A-4FB4-AA40-A5FCAC1B5B68}.Release|Any CPU.ActiveCfg = Release|Any CPU
		{6816260B-FF5A-4FB4-AA40-A5FCAC1B5B68}.Release|Any CPU.Build.0 = Release|Any CPU
		{B1683BCE-5D4C-409B-B936-05C5163C18E6}.Debug|Any CPU.ActiveCfg = Debug|Any CPU
		{B1683BCE-5D4C-409B-B936-05C5163C18E6}.Debug|Any CPU.Build.0 = Debug|Any CPU
		{B1683BCE-5D4C-409B-B936-05C5163C18E6}.Release|Any CPU.ActiveCfg = Release|Any CPU
		{B1683BCE-5D4C-409B-B936-05C5163C18E6}.Release|Any CPU.Build.0 = Release|Any CPU
		{E03C2DA3-414D-4842-9B8F-081A2DABFB3A}.Debug|Any CPU.ActiveCfg = Debug|Any CPU
		{E03C2DA3-414D-4842-9B8F-081A2DABFB3A}.Debug|Any CPU.Build.0 = Debug|Any CPU
		{E03C2DA3-414D-4842-9B8F-081A2DABFB3A}.Release|Any CPU.ActiveCfg = Release|Any CPU
		{E03C2DA3-414D-4842-9B8F-081A2DABFB3A}.Release|Any CPU.Build.0 = Release|Any CPU
		{AA1FC87A-7E2B-4B68-AF3B-5F076C30F9E0}.Debug|Any CPU.ActiveCfg = Debug|Any CPU
		{AA1FC87A-7E2B-4B68-AF3B-5F076C30F9E0}.Debug|Any CPU.Build.0 = Debug|Any CPU
		{AA1FC87A-7E2B-4B68-AF3B-5F076C30F9E0}.Release|Any CPU.ActiveCfg = Release|Any CPU
		{AA1FC87A-7E2B-4B68-AF3B-5F076C30F9E0}.Release|Any CPU.Build.0 = Release|Any CPU
		{C5D98120-FF29-46FE-8022-EC99D07B56BE}.Debug|Any CPU.ActiveCfg = Debug|Any CPU
		{C5D98120-FF29-46FE-8022-EC99D07B56BE}.Debug|Any CPU.Build.0 = Debug|Any CPU
		{C5D98120-FF29-46FE-8022-EC99D07B56BE}.Release|Any CPU.ActiveCfg = Release|Any CPU
		{C5D98120-FF29-46FE-8022-EC99D07B56BE}.Release|Any CPU.Build.0 = Release|Any CPU
		{706C67B7-59C0-47E5-BEA0-402ED6E7D09C}.Debug|Any CPU.ActiveCfg = Debug|Any CPU
		{706C67B7-59C0-47E5-BEA0-402ED6E7D09C}.Debug|Any CPU.Build.0 = Debug|Any CPU
		{706C67B7-59C0-47E5-BEA0-402ED6E7D09C}.Release|Any CPU.ActiveCfg = Release|Any CPU
		{706C67B7-59C0-47E5-BEA0-402ED6E7D09C}.Release|Any CPU.Build.0 = Release|Any CPU
		{633F13F9-0AA8-4E7C-9958-33A2CD09C52E}.Debug|Any CPU.ActiveCfg = Debug|Any CPU
		{633F13F9-0AA8-4E7C-9958-33A2CD09C52E}.Debug|Any CPU.Build.0 = Debug|Any CPU
		{633F13F9-0AA8-4E7C-9958-33A2CD09C52E}.Release|Any CPU.ActiveCfg = Release|Any CPU
		{633F13F9-0AA8-4E7C-9958-33A2CD09C52E}.Release|Any CPU.Build.0 = Release|Any CPU
		{2E43868F-C1DD-49B4-AAED-56D47A99EA6C}.Debug|Any CPU.ActiveCfg = Debug|Any CPU
		{2E43868F-C1DD-49B4-AAED-56D47A99EA6C}.Debug|Any CPU.Build.0 = Debug|Any CPU
		{2E43868F-C1DD-49B4-AAED-56D47A99EA6C}.Release|Any CPU.ActiveCfg = Release|Any CPU
		{2E43868F-C1DD-49B4-AAED-56D47A99EA6C}.Release|Any CPU.Build.0 = Release|Any CPU
		{106376D5-F838-4671-9765-F5395CBD8B81}.Debug|Any CPU.ActiveCfg = Debug|Any CPU
		{106376D5-F838-4671-9765-F5395CBD8B81}.Debug|Any CPU.Build.0 = Debug|Any CPU
		{106376D5-F838-4671-9765-F5395CBD8B81}.Release|Any CPU.ActiveCfg = Release|Any CPU
		{106376D5-F838-4671-9765-F5395CBD8B81}.Release|Any CPU.Build.0 = Release|Any CPU
		{B4CF93F0-EE24-4175-BD3D-810C97154B77}.Debug|Any CPU.ActiveCfg = Debug|Any CPU
		{B4CF93F0-EE24-4175-BD3D-810C97154B77}.Debug|Any CPU.Build.0 = Debug|Any CPU
		{B4CF93F0-EE24-4175-BD3D-810C97154B77}.Release|Any CPU.ActiveCfg = Release|Any CPU
		{B4CF93F0-EE24-4175-BD3D-810C97154B77}.Release|Any CPU.Build.0 = Release|Any CPU
		{5386AE7D-CD2B-437E-8344-C4AEC21917F6}.Debug|Any CPU.ActiveCfg = Debug|Any CPU
		{5386AE7D-CD2B-437E-8344-C4AEC21917F6}.Debug|Any CPU.Build.0 = Debug|Any CPU
		{5386AE7D-CD2B-437E-8344-C4AEC21917F6}.Release|Any CPU.ActiveCfg = Release|Any CPU
		{5386AE7D-CD2B-437E-8344-C4AEC21917F6}.Release|Any CPU.Build.0 = Release|Any CPU
	EndGlobalSection
	GlobalSection(NestedProjects) = preSolution
		{758ACA69-44F6-4FD9-80B1-C6EE25C1FFF3} = {5F3DD32E-FCDC-4E94-9ABE-532AA48E709E}
		{978364A7-3006-425B-94A6-A8C28F7E128D} = {5F3DD32E-FCDC-4E94-9ABE-532AA48E709E}
		{D14C887E-600F-40A7-B52D-3E27ECEC8E1A} = {5F3DD32E-FCDC-4E94-9ABE-532AA48E709E}
		{13DEA1B7-D9B1-4038-8186-784F5DACC178} = {5F3DD32E-FCDC-4E94-9ABE-532AA48E709E}
		{0CEFD0BD-4686-40FF-884E-D03B827D1551} = {ADE4172D-A13F-4258-A3EA-DCABD8B45BE2}
		{19385AAE-8819-409F-81E9-CB12CBF2B04D} = {3AAA8284-967B-45C7-B6DE-10D08E00ABA3}
		{D67DB233-BDB4-4E8C-A316-FE85C76E6D21} = {3AAA8284-967B-45C7-B6DE-10D08E00ABA3}
		{1BE8D178-0538-4AA2-87FD-64E7FA804CD9} = {3AAA8284-967B-45C7-B6DE-10D08E00ABA3}
		{49673FD2-908B-46BC-B5CC-6079462C0674} = {3AAA8284-967B-45C7-B6DE-10D08E00ABA3}
		{A79A1C7E-7EE2-4A03-8B43-BA717C530555} = {3AAA8284-967B-45C7-B6DE-10D08E00ABA3}
		{27E5550B-B732-4278-9D5F-12807AFB8574} = {54E27B29-5607-4517-8B47-F2BE594C06D8}
		{231D86EB-3FBA-4921-83B2-17C91D1C0DD0} = {27E5550B-B732-4278-9D5F-12807AFB8574}
		{264A16D7-0A3C-4441-BF59-778B0674FD55} = {27E5550B-B732-4278-9D5F-12807AFB8574}
		{C2AAE03B-0699-49DB-9047-900C59A2DE05} = {27E5550B-B732-4278-9D5F-12807AFB8574}
		{5DAA48AB-9129-447A-A183-24ECE9089682} = {27E5550B-B732-4278-9D5F-12807AFB8574}
		{27C17834-308C-4DAD-B3B8-F011B798DBFD} = {27E5550B-B732-4278-9D5F-12807AFB8574}
		{E0B6736E-73F3-4E66-96B2-E3B76E25ADE7} = {27E5550B-B732-4278-9D5F-12807AFB8574}
		{351FC96C-264A-4B4E-89F4-9CC6B5E47697} = {27E5550B-B732-4278-9D5F-12807AFB8574}
		{6DEBA008-7BB7-4C27-AFDA-2159EB110C56} = {27E5550B-B732-4278-9D5F-12807AFB8574}
		{47F8B777-12DA-4B0A-BD41-B7C92258ACBF} = {27E5550B-B732-4278-9D5F-12807AFB8574}
		{BB7D8C4A-BEC7-453C-8FBA-722366361048} = {27E5550B-B732-4278-9D5F-12807AFB8574}
		{1EE185C9-DD37-4F7C-9037-F43701EB6C1D} = {27E5550B-B732-4278-9D5F-12807AFB8574}
		{BDDCC724-C76D-4F36-A101-79814CCEA02E} = {27E5550B-B732-4278-9D5F-12807AFB8574}
		{51430419-B2CE-42E9-B7F3-FD8D51CCFE43} = {27E5550B-B732-4278-9D5F-12807AFB8574}
		{C50204E4-2EB2-44B9-996F-FCB97550294A} = {27E5550B-B732-4278-9D5F-12807AFB8574}
		{76A1560B-3E8A-4AD1-88A6-B5FB9025360D} = {27E5550B-B732-4278-9D5F-12807AFB8574}
		{8F3CC52E-039A-414B-8C74-4C393CF4E8AF} = {27E5550B-B732-4278-9D5F-12807AFB8574}
		{837D97E1-FC67-4136-97A5-EB95A280BCA7} = {27E5550B-B732-4278-9D5F-12807AFB8574}
		{30704DA0-9A37-4D6B-BEA5-2CFED0CF3C98} = {27E5550B-B732-4278-9D5F-12807AFB8574}
		{64154544-C78E-40A4-B88B-D4C21644F371} = {27E5550B-B732-4278-9D5F-12807AFB8574}
		{59407E66-AD53-4EB0-BC07-564691AAF81C} = {27E5550B-B732-4278-9D5F-12807AFB8574}
		{0D3B9EC9-6959-4574-A554-431A62B80D70} = {27E5550B-B732-4278-9D5F-12807AFB8574}
		{6816260B-FF5A-4FB4-AA40-A5FCAC1B5B68} = {27E5550B-B732-4278-9D5F-12807AFB8574}
		{B1683BCE-5D4C-409B-B936-05C5163C18E6} = {27E5550B-B732-4278-9D5F-12807AFB8574}
		{E03C2DA3-414D-4842-9B8F-081A2DABFB3A} = {27E5550B-B732-4278-9D5F-12807AFB8574}
		{AA1FC87A-7E2B-4B68-AF3B-5F076C30F9E0} = {27E5550B-B732-4278-9D5F-12807AFB8574}
		{C5D98120-FF29-46FE-8022-EC99D07B56BE} = {27E5550B-B732-4278-9D5F-12807AFB8574}
		{706C67B7-59C0-47E5-BEA0-402ED6E7D09C} = {27E5550B-B732-4278-9D5F-12807AFB8574}
		{633F13F9-0AA8-4E7C-9958-33A2CD09C52E} = {27E5550B-B732-4278-9D5F-12807AFB8574}
		{2E43868F-C1DD-49B4-AAED-56D47A99EA6C} = {27E5550B-B732-4278-9D5F-12807AFB8574}
		{106376D5-F838-4671-9765-F5395CBD8B81} = {27E5550B-B732-4278-9D5F-12807AFB8574}
		{B4CF93F0-EE24-4175-BD3D-810C97154B77} = {27E5550B-B732-4278-9D5F-12807AFB8574}
		{5386AE7D-CD2B-437E-8344-C4AEC21917F6} = {27E5550B-B732-4278-9D5F-12807AFB8574}
	EndGlobalSection
EndGlobal
